
Microsoft Visual Studio Solution File, Format Version 11.00
# Visual Studio 2010
Project("{FAE04EC0-301F-11D3-BF4B-00C04F79EFBC}") = "NavMeshComponents", "NavMeshComponents.csproj", "{EDEDAC49-2E61-25EE-E053-E27EE0FF57DF}"
EndProject
Project("{FAE04EC0-301F-11D3-BF4B-00C04F79EFBC}") = "Assembly-CSharp", "Assembly-CSharp.csproj", "{E6C63018-2BC4-9C54-E5EE-AFF936FCBB0B}"
EndProject
Project("{FAE04EC0-301F-11D3-BF4B-00C04F79EFBC}") = "NavMeshComponentsEditor", "NavMeshComponentsEditor.csproj", "{20A3E946-B28B-D8BF-4057-BB3CF79BA14B}"
EndProject
Project("{FAE04EC0-301F-11D3-BF4B-00C04F79EFBC}") = "Assembly-CSharp-Editor", "Assembly-CSharp-Editor.csproj", "{7F403CEA-F0B4-C050-9A41-287162C7F31A}"
EndProject
Global
	GlobalSection(SolutionConfigurationPlatforms) = preSolution
		Debug|Any CPU = Debug|Any CPU
		Release|Any CPU = Release|Any CPU
	EndGlobalSection
	GlobalSection(ProjectConfigurationPlatforms) = postSolution
		{EDEDAC49-2E61-25EE-E053-E27EE0FF57DF}.Debug|Any CPU.ActiveCfg = Debug|Any CPU
		{EDEDAC49-2E61-25EE-E053-E27EE0FF57DF}.Debug|Any CPU.Build.0 = Debug|Any CPU
		{EDEDAC49-2E61-25EE-E053-E27EE0FF57DF}.Release|Any CPU.ActiveCfg = Release|Any CPU
		{EDEDAC49-2E61-25EE-E053-E27EE0FF57DF}.Release|Any CPU.Build.0 = Release|Any CPU
		{E6C63018-2BC4-9C54-E5EE-AFF936FCBB0B}.Debug|Any CPU.ActiveCfg = Debug|Any CPU
		{E6C63018-2BC4-9C54-E5EE-AFF936FCBB0B}.Debug|Any CPU.Build.0 = Debug|Any CPU
		{E6C63018-2BC4-9C54-E5EE-AFF936FCBB0B}.Release|Any CPU.ActiveCfg = Release|Any CPU
		{E6C63018-2BC4-9C54-E5EE-AFF936FCBB0B}.Release|Any CPU.Build.0 = Release|Any CPU
		{20A3E946-B28B-D8BF-4057-BB3CF79BA14B}.Debug|Any CPU.ActiveCfg = Debug|Any CPU
		{20A3E946-B28B-D8BF-4057-BB3CF79BA14B}.Debug|Any CPU.Build.0 = Debug|Any CPU
		{20A3E946-B28B-D8BF-4057-BB3CF79BA14B}.Release|Any CPU.ActiveCfg = Release|Any CPU
		{20A3E946-B28B-D8BF-4057-BB3CF79BA14B}.Release|Any CPU.Build.0 = Release|Any CPU
		{7F403CEA-F0B4-C050-9A41-287162C7F31A}.Debug|Any CPU.ActiveCfg = Debug|Any CPU
		{7F403CEA-F0B4-C050-9A41-287162C7F31A}.Debug|Any CPU.Build.0 = Debug|Any CPU
		{7F403CEA-F0B4-C050-9A41-287162C7F31A}.Release|Any CPU.ActiveCfg = Release|Any CPU
		{7F403CEA-F0B4-C050-9A41-287162C7F31A}.Release|Any CPU.Build.0 = Release|Any CPU
	EndGlobalSection
	GlobalSection(SolutionProperties) = preSolution
		HideSolutionNode = FALSE
	EndGlobalSection
	GlobalSection(MonoDevelopProperties) = preSolution
		StartupItem = Assembly-CSharp.csproj
	EndGlobalSection
EndGlobal
